
Microsoft Visual Studio Solution File, Format Version 12.00
# Visual Studio Version 17
VisualStudioVersion = 17.2.32505.173
MinimumVisualStudioVersion = 10.0.40219.1
Project("{9A19103F-16F7-4668-BE54-9A1E7A4F7556}") = "Codecool.Cities.Webapi.Test", "Codecool.Cities.Webapi.Test\Codecool.Cities.Webapi.Test.csproj", "{9DF23253-7844-4C9B-9D96-88EAD3704E58}"
EndProject
Project("{9A19103F-16F7-4668-BE54-9A1E7A4F7556}") = "CodeCool.Cities.WebApi", "CodeCool.Cities.WebApi\CodeCool.Cities.WebApi.csproj", "{5C3DC620-7023-4ABA-9E68-09D4229A309B}"
EndProject
Global
	GlobalSection(SolutionConfigurationPlatforms) = preSolution
		Debug|Any CPU = Debug|Any CPU
		Release|Any CPU = Release|Any CPU
	EndGlobalSection
	GlobalSection(ProjectConfigurationPlatforms) = postSolution
		{9DF23253-7844-4C9B-9D96-88EAD3704E58}.Debug|Any CPU.ActiveCfg = Debug|Any CPU
		{9DF23253-7844-4C9B-9D96-88EAD3704E58}.Debug|Any CPU.Build.0 = Debug|Any CPU
		{9DF23253-7844-4C9B-9D96-88EAD3704E58}.Release|Any CPU.ActiveCfg = Release|Any CPU
		{9DF23253-7844-4C9B-9D96-88EAD3704E58}.Release|Any CPU.Build.0 = Release|Any CPU
		{5C3DC620-7023-4ABA-9E68-09D4229A309B}.Debug|Any CPU.ActiveCfg = Debug|Any CPU
		{5C3DC620-7023-4ABA-9E68-09D4229A309B}.Debug|Any CPU.Build.0 = Debug|Any CPU
		{5C3DC620-7023-4ABA-9E68-09D4229A309B}.Release|Any CPU.ActiveCfg = Release|Any CPU
		{5C3DC620-7023-4ABA-9E68-09D4229A309B}.Release|Any CPU.Build.0 = Release|Any CPU
	EndGlobalSection
	GlobalSection(SolutionProperties) = preSolution
		HideSolutionNode = FALSE
	EndGlobalSection
	GlobalSection(ExtensibilityGlobals) = postSolution
		SolutionGuid = {E34D8800-D0BA-4481-B6D6-1AABB7BFD10B}
	EndGlobalSection
EndGlobal
